
Microsoft Visual Studio Solution File, Format Version 12.00
# Visual Studio Version 17
VisualStudioVersion = 17.2.32602.215
MinimumVisualStudioVersion = 10.0.40219.1
Project("{2150E333-8FDC-42A3-9474-1A3956D46DE8}") = "src", "src", "{CFBD2243-B982-48F1-A8A5-01DA8651D914}"
EndProject
Project("{2150E333-8FDC-42A3-9474-1A3956D46DE8}") = "test", "test", "{2DA27F21-3A07-46E5-8580-431CD9F1C271}"
EndProject
Project("{2150E333-8FDC-42A3-9474-1A3956D46DE8}") = "API", "API", "{E0B90036-AF09-4807-A7BF-000DD5715562}"
EndProject
Project("{2150E333-8FDC-42A3-9474-1A3956D46DE8}") = "Core", "Core", "{06B0FA24-7E0F-4D33-9EE7-6969398912DB}"
EndProject
Project("{2150E333-8FDC-42A3-9474-1A3956D46DE8}") = "Infrastructure", "Infrastructure", "{26E89324-DB5B-4C8C-A28E-3C397DCB8A22}"
EndProject
Project("{2150E333-8FDC-42A3-9474-1A3956D46DE8}") = "UI", "UI", "{2FA3F5D8-39F8-4837-97B5-F03AFDF9E30A}"
EndProject
Project("{FAE04EC0-301F-11D3-BF4B-00C04F79EFBC}") = "CV.Domain", "CV.Domain\CV.Domain.csproj", "{F23AA096-458C-494C-9085-5F79E795C366}"
EndProject
Project("{FAE04EC0-301F-11D3-BF4B-00C04F79EFBC}") = "CV.Application", "CV.Application\CV.Application.csproj", "{FD413E31-4461-448D-9087-EAC0E7297201}"
EndProject
Global
	GlobalSection(SolutionConfigurationPlatforms) = preSolution
		Debug|Any CPU = Debug|Any CPU
		Release|Any CPU = Release|Any CPU
	EndGlobalSection
	GlobalSection(ProjectConfigurationPlatforms) = postSolution
		{F23AA096-458C-494C-9085-5F79E795C366}.Debug|Any CPU.ActiveCfg = Debug|Any CPU
		{F23AA096-458C-494C-9085-5F79E795C366}.Debug|Any CPU.Build.0 = Debug|Any CPU
		{F23AA096-458C-494C-9085-5F79E795C366}.Release|Any CPU.ActiveCfg = Release|Any CPU
		{F23AA096-458C-494C-9085-5F79E795C366}.Release|Any CPU.Build.0 = Release|Any CPU
		{FD413E31-4461-448D-9087-EAC0E7297201}.Debug|Any CPU.ActiveCfg = Debug|Any CPU
		{FD413E31-4461-448D-9087-EAC0E7297201}.Debug|Any CPU.Build.0 = Debug|Any CPU
		{FD413E31-4461-448D-9087-EAC0E7297201}.Release|Any CPU.ActiveCfg = Release|Any CPU
		{FD413E31-4461-448D-9087-EAC0E7297201}.Release|Any CPU.Build.0 = Release|Any CPU
	EndGlobalSection
	GlobalSection(SolutionProperties) = preSolution
		HideSolutionNode = FALSE
	EndGlobalSection
	GlobalSection(NestedProjects) = preSolution
		{E0B90036-AF09-4807-A7BF-000DD5715562} = {CFBD2243-B982-48F1-A8A5-01DA8651D914}
		{06B0FA24-7E0F-4D33-9EE7-6969398912DB} = {CFBD2243-B982-48F1-A8A5-01DA8651D914}
		{26E89324-DB5B-4C8C-A28E-3C397DCB8A22} = {CFBD2243-B982-48F1-A8A5-01DA8651D914}
		{2FA3F5D8-39F8-4837-97B5-F03AFDF9E30A} = {CFBD2243-B982-48F1-A8A5-01DA8651D914}
		{F23AA096-458C-494C-9085-5F79E795C366} = {06B0FA24-7E0F-4D33-9EE7-6969398912DB}
		{FD413E31-4461-448D-9087-EAC0E7297201} = {06B0FA24-7E0F-4D33-9EE7-6969398912DB}
	EndGlobalSection
	GlobalSection(ExtensibilityGlobals) = postSolution
		SolutionGuid = {9F2482F6-9431-41A1-9F6B-E90A64C48B52}
	EndGlobalSection
EndGlobal
